
Microsoft Visual Studio Solution File, Format Version 12.00
# Visual Studio 15
Project("{FAE04EC0-301F-11D3-BF4B-00C04F79EFBC}") = "XamarinForms3Demo.Android", "XamarinForms3Demo.Android\XamarinForms3Demo.Android.csproj", "{24CE3C36-16B9-426D-AA0C-5961ECF8D88C}"
EndProject
Project("{FAE04EC0-301F-11D3-BF4B-00C04F79EFBC}") = "XamarinForms3Demo.iOS", "XamarinForms3Demo.iOS\XamarinForms3Demo.iOS.csproj", "{93CD09BF-2A5F-4D9B-8657-50D13F24A9E6}"
EndProject
Project("{FAE04EC0-301F-11D3-BF4B-00C04F79EFBC}") = "XamarinForms3Demo", "XamarinForms3Demo\XamarinForms3Demo.csproj", "{925C4331-0F1D-466C-9D87-2B36B1F24B1C}"
EndProject
Global
	GlobalSection(SolutionConfigurationPlatforms) = preSolution
		Debug|Any CPU = Debug|Any CPU
		Release|Any CPU = Release|Any CPU
		Debug|iPhoneSimulator = Debug|iPhoneSimulator
		Release|iPhoneSimulator = Release|iPhoneSimulator
		Debug|iPhone = Debug|iPhone
		Release|iPhone = Release|iPhone
	EndGlobalSection
	GlobalSection(ProjectConfigurationPlatforms) = postSolution
		{24CE3C36-16B9-426D-AA0C-5961ECF8D88C}.Debug|Any CPU.ActiveCfg = Debug|Any CPU
		{24CE3C36-16B9-426D-AA0C-5961ECF8D88C}.Debug|Any CPU.Build.0 = Debug|Any CPU
		{24CE3C36-16B9-426D-AA0C-5961ECF8D88C}.Release|Any CPU.ActiveCfg = Release|Any CPU
		{24CE3C36-16B9-426D-AA0C-5961ECF8D88C}.Release|Any CPU.Build.0 = Release|Any CPU
		{24CE3C36-16B9-426D-AA0C-5961ECF8D88C}.Debug|iPhoneSimulator.ActiveCfg = Debug|Any CPU
		{24CE3C36-16B9-426D-AA0C-5961ECF8D88C}.Debug|iPhoneSimulator.Build.0 = Debug|Any CPU
		{24CE3C36-16B9-426D-AA0C-5961ECF8D88C}.Release|iPhoneSimulator.ActiveCfg = Release|Any CPU
		{24CE3C36-16B9-426D-AA0C-5961ECF8D88C}.Release|iPhoneSimulator.Build.0 = Release|Any CPU
		{24CE3C36-16B9-426D-AA0C-5961ECF8D88C}.Debug|iPhone.ActiveCfg = Debug|Any CPU
		{24CE3C36-16B9-426D-AA0C-5961ECF8D88C}.Debug|iPhone.Build.0 = Debug|Any CPU
		{24CE3C36-16B9-426D-AA0C-5961ECF8D88C}.Release|iPhone.ActiveCfg = Release|Any CPU
		{24CE3C36-16B9-426D-AA0C-5961ECF8D88C}.Release|iPhone.Build.0 = Release|Any CPU
		{93CD09BF-2A5F-4D9B-8657-50D13F24A9E6}.Debug|Any CPU.ActiveCfg = Debug|iPhoneSimulator
		{93CD09BF-2A5F-4D9B-8657-50D13F24A9E6}.Debug|Any CPU.Build.0 = Debug|iPhoneSimulator
		{93CD09BF-2A5F-4D9B-8657-50D13F24A9E6}.Release|Any CPU.ActiveCfg = Release|iPhoneSimulator
		{93CD09BF-2A5F-4D9B-8657-50D13F24A9E6}.Release|Any CPU.Build.0 = Release|iPhoneSimulator
		{93CD09BF-2A5F-4D9B-8657-50D13F24A9E6}.Debug|iPhoneSimulator.ActiveCfg = Debug|iPhoneSimulator
		{93CD09BF-2A5F-4D9B-8657-50D13F24A9E6}.Debug|iPhoneSimulator.Build.0 = Debug|iPhoneSimulator
		{93CD09BF-2A5F-4D9B-8657-50D13F24A9E6}.Release|iPhoneSimulator.ActiveCfg = Release|iPhoneSimulator
		{93CD09BF-2A5F-4D9B-8657-50D13F24A9E6}.Release|iPhoneSimulator.Build.0 = Release|iPhoneSimulator
		{93CD09BF-2A5F-4D9B-8657-50D13F24A9E6}.Debug|iPhone.ActiveCfg = Debug|iPhone
		{93CD09BF-2A5F-4D9B-8657-50D13F24A9E6}.Debug|iPhone.Build.0 = Debug|iPhone
		{93CD09BF-2A5F-4D9B-8657-50D13F24A9E6}.Release|iPhone.ActiveCfg = Release|iPhone
		{93CD09BF-2A5F-4D9B-8657-50D13F24A9E6}.Release|iPhone.Build.0 = Release|iPhone
		{925C4331-0F1D-466C-9D87-2B36B1F24B1C}.Debug|Any CPU.ActiveCfg = Debug|Any CPU
		{925C4331-0F1D-466C-9D87-2B36B1F24B1C}.Debug|Any CPU.Build.0 = Debug|Any CPU
		{925C4331-0F1D-466C-9D87-2B36B1F24B1C}.Release|Any CPU.ActiveCfg = Release|Any CPU
		{925C4331-0F1D-466C-9D87-2B36B1F24B1C}.Release|Any CPU.Build.0 = Release|Any CPU
		{925C4331-0F1D-466C-9D87-2B36B1F24B1C}.Debug|iPhoneSimulator.ActiveCfg = Debug|Any CPU
		{925C4331-0F1D-466C-9D87-2B36B1F24B1C}.Debug|iPhoneSimulator.Build.0 = Debug|Any CPU
		{925C4331-0F1D-466C-9D87-2B36B1F24B1C}.Release|iPhoneSimulator.ActiveCfg = Release|Any CPU
		{925C4331-0F1D-466C-9D87-2B36B1F24B1C}.Release|iPhoneSimulator.Build.0 = Release|Any CPU
		{925C4331-0F1D-466C-9D87-2B36B1F24B1C}.Debug|iPhone.ActiveCfg = Debug|Any CPU
		{925C4331-0F1D-466C-9D87-2B36B1F24B1C}.Debug|iPhone.Build.0 = Debug|Any CPU
		{925C4331-0F1D-466C-9D87-2B36B1F24B1C}.Release|iPhone.ActiveCfg = Release|Any CPU
		{925C4331-0F1D-466C-9D87-2B36B1F24B1C}.Release|iPhone.Build.0 = Release|Any CPU
	EndGlobalSection
EndGlobal
